// !$*UTF8*$!
{
	archiveVersion = 1;
	classes = {
	};
	objectVersion = 46;
	objects = {

/* Begin PBXBuildFile section */
		D4547AEC1E6FA93B0084AB41 /* NSURL+EncodeString.h in Headers */ = {isa = PBXBuildFile; fileRef = D4547AEA1E6FA93B0084AB41 /* NSURL+EncodeString.h */; };
		D4547AED1E6FA93B0084AB41 /* NSURL+EncodeString.m in Sources */ = {isa = PBXBuildFile; fileRef = D4547AEB1E6FA93B0084AB41 /* NSURL+EncodeString.m */; };
		D4605B6F1E1369DF006575E0 /* ZWUtilityKit.h in Headers */ = {isa = PBXBuildFile; fileRef = D4605B6D1E1369DF006575E0 /* ZWUtilityKit.h */; settings = {ATTRIBUTES = (Public, ); }; };
		D4605B7A1E136E5F006575E0 /* UtilityUIKit.m in Sources */ = {isa = PBXBuildFile; fileRef = D4605B761E136E5E006575E0 /* UtilityUIKit.m */; };
		D4605B7B1E136E5F006575E0 /* UtilityKit.h in Headers */ = {isa = PBXBuildFile; fileRef = D4605B771E136E5E006575E0 /* UtilityKit.h */; settings = {ATTRIBUTES = (Public, ); }; };
		D4605B7C1E136E5F006575E0 /* UtilityKit.m in Sources */ = {isa = PBXBuildFile; fileRef = D4605B781E136E5E006575E0 /* UtilityKit.m */; };
		D4605B7D1E136E5F006575E0 /* UtilityUIKit.h in Headers */ = {isa = PBXBuildFile; fileRef = D4605B791E136E5E006575E0 /* UtilityUIKit.h */; settings = {ATTRIBUTES = (Public, ); }; };
		D4605B801E136E7F006575E0 /* ZWLog.h in Headers */ = {isa = PBXBuildFile; fileRef = D4605B7E1E136E7F006575E0 /* ZWLog.h */; settings = {ATTRIBUTES = (Public, ); }; };
		D4605B811E136E7F006575E0 /* ZWLog.m in Sources */ = {isa = PBXBuildFile; fileRef = D4605B7F1E136E7F006575E0 /* ZWLog.m */; };
		D4605B831E136F0E006575E0 /* ZWMacroDef.h in Headers */ = {isa = PBXBuildFile; fileRef = D4605B821E136F0E006575E0 /* ZWMacroDef.h */; settings = {ATTRIBUTES = (Public, ); }; };
		D4605B861E138E79006575E0 /* UIView+AddLine.h in Headers */ = {isa = PBXBuildFile; fileRef = D4605B841E138E79006575E0 /* UIView+AddLine.h */; settings = {ATTRIBUTES = (Public, ); }; };
		D4605B871E138E79006575E0 /* UIView+AddLine.m in Sources */ = {isa = PBXBuildFile; fileRef = D4605B851E138E79006575E0 /* UIView+AddLine.m */; };
		D470C9E61E6EA4A600FB212E /* Dictionary+SafeValue.h in Headers */ = {isa = PBXBuildFile; fileRef = D470C9DE1E6EA4A600FB212E /* Dictionary+SafeValue.h */; };
		D470C9E71E6EA4A600FB212E /* Dictionary+SafeValue.m in Sources */ = {isa = PBXBuildFile; fileRef = D470C9DF1E6EA4A600FB212E /* Dictionary+SafeValue.m */; };
		D470C9E81E6EA4A600FB212E /* NSDictionary+NSData.h in Headers */ = {isa = PBXBuildFile; fileRef = D470C9E01E6EA4A600FB212E /* NSDictionary+NSData.h */; };
		D470C9E91E6EA4A600FB212E /* NSDictionary+NSData.m in Sources */ = {isa = PBXBuildFile; fileRef = D470C9E11E6EA4A600FB212E /* NSDictionary+NSData.m */; };
		D470C9EA1E6EA4A600FB212E /* NSObject+Block.h in Headers */ = {isa = PBXBuildFile; fileRef = D470C9E21E6EA4A600FB212E /* NSObject+Block.h */; };
		D470C9EB1E6EA4A600FB212E /* NSObject+Block.m in Sources */ = {isa = PBXBuildFile; fileRef = D470C9E31E6EA4A600FB212E /* NSObject+Block.m */; };
		D470C9EC1E6EA4A600FB212E /* NSObject+ParseDicToObj.h in Headers */ = {isa = PBXBuildFile; fileRef = D470C9E41E6EA4A600FB212E /* NSObject+ParseDicToObj.h */; };
		D470C9ED1E6EA4A600FB212E /* NSObject+ParseDicToObj.m in Sources */ = {isa = PBXBuildFile; fileRef = D470C9E51E6EA4A600FB212E /* NSObject+ParseDicToObj.m */; };
		D4E615091E710524008D74C4 /* NetworkApply.h in Headers */ = {isa = PBXBuildFile; fileRef = D4E615071E710524008D74C4 /* NetworkApply.h */; };
		D4E6150A1E710524008D74C4 /* NetworkApply.m in Sources */ = {isa = PBXBuildFile; fileRef = D4E615081E710524008D74C4 /* NetworkApply.m */; };
/* End PBXBuildFile section */

/* Begin PBXFileReference section */
		D4547AEA1E6FA93B0084AB41 /* NSURL+EncodeString.h */ = {isa = PBXFileReference; fileEncoding = 4; lastKnownFileType = sourcecode.c.h; name = "NSURL+EncodeString.h"; path = "Category/Foundation/NSURL+EncodeString.h"; sourceTree = "<group>"; };
		D4547AEB1E6FA93B0084AB41 /* NSURL+EncodeString.m */ = {isa = PBXFileReference; fileEncoding = 4; lastKnownFileType = sourcecode.c.objc; name = "NSURL+EncodeString.m"; path = "Category/Foundation/NSURL+EncodeString.m"; sourceTree = "<group>"; };
		D4605B6A1E1369DF006575E0 /* ZWUtilityKit.framework */ = {isa = PBXFileReference; explicitFileType = wrapper.framework; includeInIndex = 0; path = ZWUtilityKit.framework; sourceTree = BUILT_PRODUCTS_DIR; };
		D4605B6D1E1369DF006575E0 /* ZWUtilityKit.h */ = {isa = PBXFileReference; lastKnownFileType = sourcecode.c.h; path = ZWUtilityKit.h; sourceTree = "<group>"; };
		D4605B6E1E1369DF006575E0 /* Info.plist */ = {isa = PBXFileReference; lastKnownFileType = text.plist.xml; path = Info.plist; sourceTree = "<group>"; };
		D4605B761E136E5E006575E0 /* UtilityUIKit.m */ = {isa = PBXFileReference; fileEncoding = 4; lastKnownFileType = sourcecode.c.objc; path = UtilityUIKit.m; sourceTree = "<group>"; };
		D4605B771E136E5E006575E0 /* UtilityKit.h */ = {isa = PBXFileReference; fileEncoding = 4; lastKnownFileType = sourcecode.c.h; path = UtilityKit.h; sourceTree = "<group>"; };
		D4605B781E136E5E006575E0 /* UtilityKit.m */ = {isa = PBXFileReference; fileEncoding = 4; lastKnownFileType = sourcecode.c.objc; path = UtilityKit.m; sourceTree = "<group>"; };
		D4605B791E136E5E006575E0 /* UtilityUIKit.h */ = {isa = PBXFileReference; fileEncoding = 4; lastKnownFileType = sourcecode.c.h; path = UtilityUIKit.h; sourceTree = "<group>"; };
		D4605B7E1E136E7F006575E0 /* ZWLog.h */ = {isa = PBXFileReference; fileEncoding = 4; lastKnownFileType = sourcecode.c.h; path = ZWLog.h; sourceTree = "<group>"; };
		D4605B7F1E136E7F006575E0 /* ZWLog.m */ = {isa = PBXFileReference; fileEncoding = 4; lastKnownFileType = sourcecode.c.objc; path = ZWLog.m; sourceTree = "<group>"; };
		D4605B821E136F0E006575E0 /* ZWMacroDef.h */ = {isa = PBXFileReference; fileEncoding = 4; lastKnownFileType = sourcecode.c.h; path = ZWMacroDef.h; sourceTree = "<group>"; };
		D4605B841E138E79006575E0 /* UIView+AddLine.h */ = {isa = PBXFileReference; fileEncoding = 4; lastKnownFileType = sourcecode.c.h; name = "UIView+AddLine.h"; path = "Category/UIKit/UIView+AddLine.h"; sourceTree = "<group>"; };
		D4605B851E138E79006575E0 /* UIView+AddLine.m */ = {isa = PBXFileReference; fileEncoding = 4; lastKnownFileType = sourcecode.c.objc; name = "UIView+AddLine.m"; path = "Category/UIKit/UIView+AddLine.m"; sourceTree = "<group>"; };
		D470C9DE1E6EA4A600FB212E /* Dictionary+SafeValue.h */ = {isa = PBXFileReference; fileEncoding = 4; lastKnownFileType = sourcecode.c.h; name = "Dictionary+SafeValue.h"; path = "Category/Foundation/Dictionary+SafeValue.h"; sourceTree = "<group>"; };
		D470C9DF1E6EA4A600FB212E /* Dictionary+SafeValue.m */ = {isa = PBXFileReference; fileEncoding = 4; lastKnownFileType = sourcecode.c.objc; name = "Dictionary+SafeValue.m"; path = "Category/Foundation/Dictionary+SafeValue.m"; sourceTree = "<group>"; };
		D470C9E01E6EA4A600FB212E /* NSDictionary+NSData.h */ = {isa = PBXFileReference; fileEncoding = 4; lastKnownFileType = sourcecode.c.h; name = "NSDictionary+NSData.h"; path = "Category/Foundation/NSDictionary+NSData.h"; sourceTree = "<group>"; };
		D470C9E11E6EA4A600FB212E /* NSDictionary+NSData.m */ = {isa = PBXFileReference; fileEncoding = 4; lastKnownFileType = sourcecode.c.objc; name = "NSDictionary+NSData.m"; path = "Category/Foundation/NSDictionary+NSData.m"; sourceTree = "<group>"; };
		D470C9E21E6EA4A600FB212E /* NSObject+Block.h */ = {isa = PBXFileReference; fileEncoding = 4; lastKnownFileType = sourcecode.c.h; name = "NSObject+Block.h"; path = "Category/Foundation/NSObject+Block.h"; sourceTree = "<group>"; };
		D470C9E31E6EA4A600FB212E /* NSObject+Block.m */ = {isa = PBXFileReference; fileEncoding = 4; lastKnownFileType = sourcecode.c.objc; name = "NSObject+Block.m"; path = "Category/Foundation/NSObject+Block.m"; sourceTree = "<group>"; };
		D470C9E41E6EA4A600FB212E /* NSObject+ParseDicToObj.h */ = {isa = PBXFileReference; fileEncoding = 4; lastKnownFileType = sourcecode.c.h; name = "NSObject+ParseDicToObj.h"; path = "Category/Foundation/NSObject+ParseDicToObj.h"; sourceTree = "<group>"; };
		D470C9E51E6EA4A600FB212E /* NSObject+ParseDicToObj.m */ = {isa = PBXFileReference; fileEncoding = 4; lastKnownFileType = sourcecode.c.objc; name = "NSObject+ParseDicToObj.m"; path = "Category/Foundation/NSObject+ParseDicToObj.m"; sourceTree = "<group>"; };
		D4E615071E710524008D74C4 /* NetworkApply.h */ = {isa = PBXFileReference; fileEncoding = 4; lastKnownFileType = sourcecode.c.h; name = NetworkApply.h; path = Network/NetworkApply.h; sourceTree = "<group>"; };
		D4E615081E710524008D74C4 /* NetworkApply.m */ = {isa = PBXFileReference; fileEncoding = 4; lastKnownFileType = sourcecode.c.objc; name = NetworkApply.m; path = Network/NetworkApply.m; sourceTree = "<group>"; };
/* End PBXFileReference section */

/* Begin PBXFrameworksBuildPhase section */
		D4605B661E1369DF006575E0 /* Frameworks */ = {
			isa = PBXFrameworksBuildPhase;
			buildActionMask = 2147483647;
			files = (
			);
			runOnlyForDeploymentPostprocessing = 0;
		};
/* End PBXFrameworksBuildPhase section */

/* Begin PBXGroup section */
		D4605B601E1369DF006575E0 = {
			isa = PBXGroup;
			children = (
				D4605B6C1E1369DF006575E0 /* ZWUtilityKit */,
				D4605B6B1E1369DF006575E0 /* Products */,
			);
			sourceTree = "<group>";
		};
		D4605B6B1E1369DF006575E0 /* Products */ = {
			isa = PBXGroup;
			children = (
				D4605B6A1E1369DF006575E0 /* ZWUtilityKit.framework */,
			);
			name = Products;
			sourceTree = "<group>";
		};
		D4605B6C1E1369DF006575E0 /* ZWUtilityKit */ = {
			isa = PBXGroup;
			children = (
				D4E615061E7103F8008D74C4 /* Network */,
				D4605B751E136D18006575E0 /* Category */,
				D4605B821E136F0E006575E0 /* ZWMacroDef.h */,
				D4605B6D1E1369DF006575E0 /* ZWUtilityKit.h */,
				D4605B6E1E1369DF006575E0 /* Info.plist */,
				D4605B771E136E5E006575E0 /* UtilityKit.h */,
				D4605B781E136E5E006575E0 /* UtilityKit.m */,
				D4605B791E136E5E006575E0 /* UtilityUIKit.h */,
				D4605B761E136E5E006575E0 /* UtilityUIKit.m */,
				D4605B7E1E136E7F006575E0 /* ZWLog.h */,
				D4605B7F1E136E7F006575E0 /* ZWLog.m */,
			);
			path = ZWUtilityKit;
			sourceTree = "<group>";
		};
		D4605B751E136D18006575E0 /* Category */ = {
			isa = PBXGroup;
			children = (
				D470C9DD1E6EA48F00FB212E /* Foundation */,
				D470C9DC1E6EA48700FB212E /* UIKit */,
			);
			name = Category;
			sourceTree = "<group>";
		};
		D470C9DC1E6EA48700FB212E /* UIKit */ = {
			isa = PBXGroup;
			children = (
				D4605B841E138E79006575E0 /* UIView+AddLine.h */,
				D4605B851E138E79006575E0 /* UIView+AddLine.m */,
			);
			name = UIKit;
			sourceTree = "<group>";
		};
		D470C9DD1E6EA48F00FB212E /* Foundation */ = {
			isa = PBXGroup;
			children = (
				D470C9DE1E6EA4A600FB212E /* Dictionary+SafeValue.h */,
				D470C9DF1E6EA4A600FB212E /* Dictionary+SafeValue.m */,
				D470C9E01E6EA4A600FB212E /* NSDictionary+NSData.h */,
				D470C9E11E6EA4A600FB212E /* NSDictionary+NSData.m */,
				D470C9E21E6EA4A600FB212E /* NSObject+Block.h */,
				D470C9E31E6EA4A600FB212E /* NSObject+Block.m */,
				D470C9E41E6EA4A600FB212E /* NSObject+ParseDicToObj.h */,
				D470C9E51E6EA4A600FB212E /* NSObject+ParseDicToObj.m */,
				D4547AEA1E6FA93B0084AB41 /* NSURL+EncodeString.h */,
				D4547AEB1E6FA93B0084AB41 /* NSURL+EncodeString.m */,
			);
			name = Foundation;
			sourceTree = "<group>";
		};
		D4E615061E7103F8008D74C4 /* Network */ = {
			isa = PBXGroup;
			children = (
				D4E615071E710524008D74C4 /* NetworkApply.h */,
				D4E615081E710524008D74C4 /* NetworkApply.m */,
			);
			name = Network;
			sourceTree = "<group>";
		};
/* End PBXGroup section */

/* Begin PBXHeadersBuildPhase section */
		D4605B671E1369DF006575E0 /* Headers */ = {
			isa = PBXHeadersBuildPhase;
			buildActionMask = 2147483647;
			files = (
				D470C9E81E6EA4A600FB212E /* NSDictionary+NSData.h in Headers */,
				D4605B801E136E7F006575E0 /* ZWLog.h in Headers */,
				D4605B7B1E136E5F006575E0 /* UtilityKit.h in Headers */,
				D4605B831E136F0E006575E0 /* ZWMacroDef.h in Headers */,
				D470C9E61E6EA4A600FB212E /* Dictionary+SafeValue.h in Headers */,
				D4605B6F1E1369DF006575E0 /* ZWUtilityKit.h in Headers */,
				D4547AEC1E6FA93B0084AB41 /* NSURL+EncodeString.h in Headers */,
				D4605B861E138E79006575E0 /* UIView+AddLine.h in Headers */,
				D4E615091E710524008D74C4 /* NetworkApply.h in Headers */,
				D470C9EA1E6EA4A600FB212E /* NSObject+Block.h in Headers */,
				D470C9EC1E6EA4A600FB212E /* NSObject+ParseDicToObj.h in Headers */,
				D4605B7D1E136E5F006575E0 /* UtilityUIKit.h in Headers */,
			);
			runOnlyForDeploymentPostprocessing = 0;
		};
/* End PBXHeadersBuildPhase section */

/* Begin PBXNativeTarget section */
		D4605B691E1369DF006575E0 /* ZWUtilityKit */ = {
			isa = PBXNativeTarget;
			buildConfigurationList = D4605B721E1369DF006575E0 /* Build configuration list for PBXNativeTarget "ZWUtilityKit" */;
			buildPhases = (
				D4605B651E1369DF006575E0 /* Sources */,
				D4605B661E1369DF006575E0 /* Frameworks */,
				D4605B671E1369DF006575E0 /* Headers */,
				D4605B681E1369DF006575E0 /* Resources */,
			);
			buildRules = (
			);
			dependencies = (
			);
			name = ZWUtilityKit;
			productName = ZWUtilityKit;
			productReference = D4605B6A1E1369DF006575E0 /* ZWUtilityKit.framework */;
			productType = "com.apple.product-type.framework";
		};
/* End PBXNativeTarget section */

/* Begin PBXProject section */
		D4605B611E1369DF006575E0 /* Project object */ = {
			isa = PBXProject;
			attributes = {
				LastUpgradeCheck = 0820;
				ORGANIZATIONNAME = EadkennyChan;
				TargetAttributes = {
					D4605B691E1369DF006575E0 = {
						CreatedOnToolsVersion = 8.1;
						ProvisioningStyle = Manual;
					};
				};
			};
			buildConfigurationList = D4605B641E1369DF006575E0 /* Build configuration list for PBXProject "ZWUtilityKit" */;
			compatibilityVersion = "Xcode 3.2";
			developmentRegion = English;
			hasScannedForEncodings = 0;
			knownRegions = (
				en,
			);
			mainGroup = D4605B601E1369DF006575E0;
			productRefGroup = D4605B6B1E1369DF006575E0 /* Products */;
			projectDirPath = "";
			projectRoot = "";
			targets = (
				D4605B691E1369DF006575E0 /* ZWUtilityKit */,
			);
		};
/* End PBXProject section */

/* Begin PBXResourcesBuildPhase section */
		D4605B681E1369DF006575E0 /* Resources */ = {
			isa = PBXResourcesBuildPhase;
			buildActionMask = 2147483647;
			files = (
			);
			runOnlyForDeploymentPostprocessing = 0;
		};
/* End PBXResourcesBuildPhase section */

/* Begin PBXSourcesBuildPhase section */
		D4605B651E1369DF006575E0 /* Sources */ = {
			isa = PBXSourcesBuildPhase;
			buildActionMask = 2147483647;
			files = (
				D4605B871E138E79006575E0 /* UIView+AddLine.m in Sources */,
				D4605B811E136E7F006575E0 /* ZWLog.m in Sources */,
				D4605B7A1E136E5F006575E0 /* UtilityUIKit.m in Sources */,
				D4605B7C1E136E5F006575E0 /* UtilityKit.m in Sources */,
				D470C9EB1E6EA4A600FB212E /* NSObject+Block.m in Sources */,
				D470C9E71E6EA4A600FB212E /* Dictionary+SafeValue.m in Sources */,
				D470C9E91E6EA4A600FB212E /* NSDictionary+NSData.m in Sources */,
				D4E6150A1E710524008D74C4 /* NetworkApply.m in Sources */,
				D4547AED1E6FA93B0084AB41 /* NSURL+EncodeString.m in Sources */,
				D470C9ED1E6EA4A600FB212E /* NSObject+ParseDicToObj.m in Sources */,
			);
			runOnlyForDeploymentPostprocessing = 0;
		};
/* End PBXSourcesBuildPhase section */

/* Begin XCBuildConfiguration section */
		D4605B701E1369DF006575E0 /* Debug */ = {
			isa = XCBuildConfiguration;
			buildSettings = {
				ALWAYS_SEARCH_USER_PATHS = NO;
				CLANG_ANALYZER_NONNULL = YES;
				CLANG_CXX_LANGUAGE_STANDARD = "gnu++0x";
				CLANG_CXX_LIBRARY = "libc++";
				CLANG_ENABLE_MODULES = YES;
				CLANG_ENABLE_OBJC_ARC = YES;
				CLANG_WARN_BOOL_CONVERSION = YES;
				CLANG_WARN_CONSTANT_CONVERSION = YES;
				CLANG_WARN_DIRECT_OBJC_ISA_USAGE = YES_ERROR;
				CLANG_WARN_DOCUMENTATION_COMMENTS = YES;
				CLANG_WARN_EMPTY_BODY = YES;
				CLANG_WARN_ENUM_CONVERSION = YES;
				CLANG_WARN_INFINITE_RECURSION = YES;
				CLANG_WARN_INT_CONVERSION = YES;
				CLANG_WARN_OBJC_ROOT_CLASS = YES_ERROR;
				CLANG_WARN_SUSPICIOUS_MOVE = YES;
				CLANG_WARN_SUSPICIOUS_MOVES = YES;
				CLANG_WARN_UNREACHABLE_CODE = YES;
				CLANG_WARN__DUPLICATE_METHOD_MATCH = YES;
				"CODE_SIGN_IDENTITY[sdk=iphoneos*]" = "iPhone Developer";
				COPY_PHASE_STRIP = NO;
				CURRENT_PROJECT_VERSION = 1;
				DEBUG_INFORMATION_FORMAT = dwarf;
				ENABLE_STRICT_OBJC_MSGSEND = YES;
				ENABLE_TESTABILITY = YES;
				GCC_C_LANGUAGE_STANDARD = gnu99;
				GCC_DYNAMIC_NO_PIC = NO;
				GCC_NO_COMMON_BLOCKS = YES;
				GCC_OPTIMIZATION_LEVEL = 0;
				GCC_PREPROCESSOR_DEFINITIONS = (
					"DEBUG=1",
					"$(inherited)",
				);
				GCC_WARN_64_TO_32_BIT_CONVERSION = YES;
				GCC_WARN_ABOUT_RETURN_TYPE = YES_ERROR;
				GCC_WARN_UNDECLARED_SELECTOR = YES;
				GCC_WARN_UNINITIALIZED_AUTOS = YES_AGGRESSIVE;
				GCC_WARN_UNUSED_FUNCTION = YES;
				GCC_WARN_UNUSED_VARIABLE = YES;
				IPHONEOS_DEPLOYMENT_TARGET = 9.0;
				MTL_ENABLE_DEBUG_INFO = YES;
				ONLY_ACTIVE_ARCH = YES;
				SDKROOT = iphoneos;
				TARGETED_DEVICE_FAMILY = "1,2";
				VERSIONING_SYSTEM = "apple-generic";
				VERSION_INFO_PREFIX = "";
			};
			name = Debug;
		};
		D4605B711E1369DF006575E0 /* Release */ = {
			isa = XCBuildConfiguration;
			buildSettings = {
				ALWAYS_SEARCH_USER_PATHS = NO;
				CLANG_ANALYZER_NONNULL = YES;
				CLANG_CXX_LANGUAGE_STANDARD = "gnu++0x";
				CLANG_CXX_LIBRARY = "libc++";
				CLANG_ENABLE_MODULES = YES;
				CLANG_ENABLE_OBJC_ARC = YES;
				CLANG_WARN_BOOL_CONVERSION = YES;
				CLANG_WARN_CONSTANT_CONVERSION = YES;
				CLANG_WARN_DIRECT_OBJC_ISA_USAGE = YES_ERROR;
				CLANG_WARN_DOCUMENTATION_COMMENTS = YES;
				CLANG_WARN_EMPTY_BODY = YES;
				CLANG_WARN_ENUM_CONVERSION = YES;
				CLANG_WARN_INFINITE_RECURSION = YES;
				CLANG_WARN_INT_CONVERSION = YES;
				CLANG_WARN_OBJC_ROOT_CLASS = YES_ERROR;
				CLANG_WARN_SUSPICIOUS_MOVE = YES;
				CLANG_WARN_SUSPICIOUS_MOVES = YES;
				CLANG_WARN_UNREACHABLE_CODE = YES;
				CLANG_WARN__DUPLICATE_METHOD_MATCH = YES;
				"CODE_SIGN_IDENTITY[sdk=iphoneos*]" = "iPhone Developer";
				COPY_PHASE_STRIP = NO;
				CURRENT_PROJECT_VERSION = 1;
				DEBUG_INFORMATION_FORMAT = "dwarf-with-dsym";
				ENABLE_NS_ASSERTIONS = NO;
				ENABLE_STRICT_OBJC_MSGSEND = YES;
				GCC_C_LANGUAGE_STANDARD = gnu99;
				GCC_NO_COMMON_BLOCKS = YES;
				GCC_WARN_64_TO_32_BIT_CONVERSION = YES;
				GCC_WARN_ABOUT_RETURN_TYPE = YES_ERROR;
				GCC_WARN_UNDECLARED_SELECTOR = YES;
				GCC_WARN_UNINITIALIZED_AUTOS = YES_AGGRESSIVE;
				GCC_WARN_UNUSED_FUNCTION = YES;
				GCC_WARN_UNUSED_VARIABLE = YES;
				IPHONEOS_DEPLOYMENT_TARGET = 9.0;
				MTL_ENABLE_DEBUG_INFO = NO;
				SDKROOT = iphoneos;
				TARGETED_DEVICE_FAMILY = "1,2";
				VALIDATE_PRODUCT = YES;
				VERSIONING_SYSTEM = "apple-generic";
				VERSION_INFO_PREFIX = "";
			};
			name = Release;
		};
		D4605B731E1369DF006575E0 /* Debug */ = {
			isa = XCBuildConfiguration;
			buildSettings = {
				CODE_SIGN_IDENTITY = "";
				DEFINES_MODULE = YES;
				DEVELOPMENT_TEAM = "";
				DYLIB_COMPATIBILITY_VERSION = 1;
				DYLIB_CURRENT_VERSION = 1;
				DYLIB_INSTALL_NAME_BASE = "@rpath";
				INFOPLIST_FILE = ZWUtilityKit/Info.plist;
				INSTALL_PATH = "$(LOCAL_LIBRARY_DIR)/Frameworks";
				LD_RUNPATH_SEARCH_PATHS = "$(inherited) @executable_path/Frameworks @loader_path/Frameworks";
				MACH_O_TYPE = staticlib;
				PRODUCT_BUNDLE_IDENTIFIER = zx.ZWUtilityKit;
				PRODUCT_NAME = "$(TARGET_NAME)";
				SKIP_INSTALL = YES;
			};
			name = Debug;
		};
		D4605B741E1369DF006575E0 /* Release */ = {
			isa = XCBuildConfiguration;
			buildSettings = {
				CODE_SIGN_IDENTITY = "";
				DEFINES_MODULE = YES;
				DEVELOPMENT_TEAM = "";
				DYLIB_COMPATIBILITY_VERSION = 1;
				DYLIB_CURRENT_VERSION = 1;
				DYLIB_INSTALL_NAME_BASE = "@rpath";
				INFOPLIST_FILE = ZWUtilityKit/Info.plist;
				INSTALL_PATH = "$(LOCAL_LIBRARY_DIR)/Frameworks";
				LD_RUNPATH_SEARCH_PATHS = "$(inherited) @executable_path/Frameworks @loader_path/Frameworks";
				MACH_O_TYPE = staticlib;
				PRODUCT_BUNDLE_IDENTIFIER = zx.ZWUtilityKit;
				PRODUCT_NAME = "$(TARGET_NAME)";
				SKIP_INSTALL = YES;
			};
			name = Release;
		};
/* End XCBuildConfiguration section */

/* Begin XCConfigurationList section */
		D4605B641E1369DF006575E0 /* Build configuration list for PBXProject "ZWUtilityKit" */ = {
			isa = XCConfigurationList;
			buildConfigurations = (
				D4605B701E1369DF006575E0 /* Debug */,
				D4605B711E1369DF006575E0 /* Release */,
			);
			defaultConfigurationIsVisible = 0;
			defaultConfigurationName = Release;
		};
		D4605B721E1369DF006575E0 /* Build configuration list for PBXNativeTarget "ZWUtilityKit" */ = {
			isa = XCConfigurationList;
			buildConfigurations = (
				D4605B731E1369DF006575E0 /* Debug */,
				D4605B741E1369DF006575E0 /* Release */,
			);
			defaultConfigurationIsVisible = 0;
			defaultConfigurationName = Release;
		};
/* End XCConfigurationList section */
	};
	rootObject = D4605B611E1369DF006575E0 /* Project object */;
}
